{
  "name": "@dudeofawesome/server-admin-scripts",
  "version": "0.0.1",
  "lockfileVersion": 1,
  "requires": true,
  "dependencies": {
    "@prettier/plugin-ruby": {
      "version": "0.12.2",
      "resolved": "https://registry.npmjs.org/@prettier/plugin-ruby/-/plugin-ruby-0.12.2.tgz",
      "integrity": "sha512-j1XVMe+IOpmJY+WNXdMg4TKvxNKIPoN5a+8D7Em/0n6/OEFQgMlV+Um2tfE2Uw94ZZOQlHuWEiSc+8rSRDs/Cw==",
      "dev": true,
      "requires": {
        "prettier": "^1.16.4"
      }
    },
    "prettier": {
      "version": "1.17.1",
      "resolved": "https://registry.npmjs.org/prettier/-/prettier-1.17.1.tgz",
      "integrity": "sha512-TzGRNvuUSmPgwivDqkZ9tM/qTGW9hqDKWOE9YHiyQdixlKbv7kvEqsmDPrcHJTKwthU774TQwZXVtaQ/mMsvjg==",
      "dev": true
    }
  }
}
